PODS:
  - Masonry (1.1.0)
  - SDWebImage (4.4.2):
    - SDWebImage/Core (= 4.4.2)
  - SDWebImage/Core (4.4.2)
  - WLIconFont (0.0.1)
  - WLWidget (0.0.1):
    - SDWebImage
    - WLWidget/Category (= 0.0.1)
    - WLWidget/Macro (= 0.0.1)
    - WLWidget/SComponent (= 0.0.1)
  - WLWidget/Category (0.0.1):
    - SDWebImage
  - WLWidget/Macro (0.0.1):
    - SDWebImage
  - WLWidget/SComponent (0.0.1):
    - SDWebImage

DEPENDENCIES:
  - Masonry
  - SDWebImage
  - WLIconFont
  - WLWidget

SPEC CHECKSUMS:
  Masonry: 678fab65091a9290e40e2832a55e7ab731aad201
  SDWebImage: 624d6e296c69b244bcede364c72ae0430ac14681
  WLIconFont: bacf1ac5b9107847deab23c0e5217ebff1d9f51e
  WLWidget: d046a5165612a9bc9fe9a1a8fd75f0261bef1838

PODFILE CHECKSUM: 6f9f26ff576351ba97d86559cd5b44ebb9f6f4ac

COCOAPODS: 1.4.0
