PODS:
  - Masonry (1.1.0)
  - ReactiveObjC (3.1.0)
  - SDWebImage (4.4.3):
    - SDWebImage/Core (= 4.4.3)
  - SDWebImage/Core (4.4.3)
  - WLBaseView (0.0.1):
    - ReactiveObjC
    - WLBaseView/Code (= 0.0.1)
  - WLBaseView/Code (0.0.1):
    - ReactiveObjC
  - WLIconFont (0.0.2)
  - WLWidget (0.0.2):
    - SDWebImage
    - WLWidget/Category (= 0.0.2)
    - WLWidget/Macro (= 0.0.2)
    - WLWidget/SComponent (= 0.0.2)
  - WLWidget/Category (0.0.2):
    - SDWebImage
  - WLWidget/Macro (0.0.2):
    - SDWebImage
  - WLWidget/SComponent (0.0.2):
    - SDWebImage

DEPENDENCIES:
  - Masonry
  - SDWebImage
  - WLBaseView
  - WLIconFont
  - WLWidget

SPEC CHECKSUMS:
  Masonry: 678fab65091a9290e40e2832a55e7ab731aad201
  ReactiveObjC: 2a38ea15335de4119d8b17caf1db1484f61db902
  SDWebImage: c5594f1a19c48d526d321e548902b56b479cd508
  WLBaseView: 781dd67e3f2384271350545d08ba119fc97abe89
  WLIconFont: 0736582edb4473ab0739161f8ccfc37403818f56
  WLWidget: f501bd9b0fdd8cecbba4a9b6cc66292bce59e420

PODFILE CHECKSUM: 25763ef85047be3f5f0ad64e43b15aa47fc60e37

COCOAPODS: 1.4.0
