// !$*UTF8*$!
{
	archiveVersion = 1;
	classes = {
	};
	objectVersion = 48;
	objects = {

/* Begin PBXBuildFile section */
		31098127DA2ACD6D6BC25AB9 /* Pods_WLModal.framework in Frameworks */ = {isa = PBXBuildFile; fileRef = EA760BC3636E78F5D7CB0315 /* Pods_WLModal.framework */; };
		9CC4FEC420A28F7A00232074 /* AppDelegate.m in Sources */ = {isa = PBXBuildFile; fileRef = 9CC4FEC320A28F7A00232074 /* AppDelegate.m */; };
		9CC4FEC720A28F7A00232074 /* ViewController.m in Sources */ = {isa = PBXBuildFile; fileRef = 9CC4FEC620A28F7A00232074 /* ViewController.m */; };
		9CC4FECA20A28F7A00232074 /* Main.storyboard in Resources */ = {isa = PBXBuildFile; fileRef = 9CC4FEC820A28F7A00232074 /* Main.storyboard */; };
		9CC4FECC20A28F7A00232074 /* Assets.xcassets in Resources */ = {isa = PBXBuildFile; fileRef = 9CC4FECB20A28F7A00232074 /* Assets.xcassets */; };
		9CC4FECF20A28F7A00232074 /* LaunchScreen.storyboard in Resources */ = {isa = PBXBuildFile; fileRef = 9CC4FECD20A28F7A00232074 /* LaunchScreen.storyboard */; };
		9CC4FED220A28F7A00232074 /* main.m in Sources */ = {isa = PBXBuildFile; fileRef = 9CC4FED120A28F7A00232074 /* main.m */; };
		9CC4FEE120A28FD900232074 /* WLPurchaseInvoiceStepModal.m in Sources */ = {isa = PBXBuildFile; fileRef = 9CC4FEDA20A28FD900232074 /* WLPurchaseInvoiceStepModal.m */; };
		9CC4FEE220A28FD900232074 /* WLAlertModal.m in Sources */ = {isa = PBXBuildFile; fileRef = 9CC4FEDC20A28FD900232074 /* WLAlertModal.m */; };
		9CC4FEE320A28FD900232074 /* WLModal.m in Sources */ = {isa = PBXBuildFile; fileRef = 9CC4FEDE20A28FD900232074 /* WLModal.m */; };
		9CC4FEE420A28FD900232074 /* WLInvoiceQrModal.m in Sources */ = {isa = PBXBuildFile; fileRef = 9CC4FEE020A28FD900232074 /* WLInvoiceQrModal.m */; };
/* End PBXBuildFile section */

/* Begin PBXFileReference section */
		14A2C1E6DF862A19D3F08450 /* Pods-WLModal.debug.xcconfig */ = {isa = PBXFileReference; includeInIndex = 1; lastKnownFileType = text.xcconfig; name = "Pods-WLModal.debug.xcconfig"; path = "Pods/Target Support Files/Pods-WLModal/Pods-WLModal.debug.xcconfig"; sourceTree = "<group>"; };
		9CC4FEBF20A28F7A00232074 /* WLModal.app */ = {isa = PBXFileReference; explicitFileType = wrapper.application; includeInIndex = 0; path = WLModal.app; sourceTree = BUILT_PRODUCTS_DIR; };
		9CC4FEC220A28F7A00232074 /* AppDelegate.h */ = {isa = PBXFileReference; lastKnownFileType = sourcecode.c.h; path = AppDelegate.h; sourceTree = "<group>"; };
		9CC4FEC320A28F7A00232074 /* AppDelegate.m */ = {isa = PBXFileReference; lastKnownFileType = sourcecode.c.objc; path = AppDelegate.m; sourceTree = "<group>"; };
		9CC4FEC520A28F7A00232074 /* ViewController.h */ = {isa = PBXFileReference; lastKnownFileType = sourcecode.c.h; path = ViewController.h; sourceTree = "<group>"; };
		9CC4FEC620A28F7A00232074 /* ViewController.m */ = {isa = PBXFileReference; lastKnownFileType = sourcecode.c.objc; path = ViewController.m; sourceTree = "<group>"; };
		9CC4FEC920A28F7A00232074 /* Base */ = {isa = PBXFileReference; lastKnownFileType = file.storyboard; name = Base; path = Base.lproj/Main.storyboard; sourceTree = "<group>"; };
		9CC4FECB20A28F7A00232074 /* Assets.xcassets */ = {isa = PBXFileReference; lastKnownFileType = folder.assetcatalog; path = Assets.xcassets; sourceTree = "<group>"; };
		9CC4FECE20A28F7A00232074 /* Base */ = {isa = PBXFileReference; lastKnownFileType = file.storyboard; name = Base; path = Base.lproj/LaunchScreen.storyboard; sourceTree = "<group>"; };
		9CC4FED020A28F7A00232074 /* Info.plist */ = {isa = PBXFileReference; lastKnownFileType = text.plist.xml; path = Info.plist; sourceTree = "<group>"; };
		9CC4FED120A28F7A00232074 /* main.m */ = {isa = PBXFileReference; lastKnownFileType = sourcecode.c.objc; path = main.m; sourceTree = "<group>"; };
		9CC4FED920A28FD900232074 /* WLModal.h */ = {isa = PBXFileReference; fileEncoding = 4; lastKnownFileType = sourcecode.c.h; path = WLModal.h; sourceTree = "<group>"; };
		9CC4FEDA20A28FD900232074 /* WLPurchaseInvoiceStepModal.m */ = {isa = PBXFileReference; fileEncoding = 4; lastKnownFileType = sourcecode.c.objc; path = WLPurchaseInvoiceStepModal.m; sourceTree = "<group>"; };
		9CC4FEDB20A28FD900232074 /* WLInvoiceQrModal.h */ = {isa = PBXFileReference; fileEncoding = 4; lastKnownFileType = sourcecode.c.h; path = WLInvoiceQrModal.h; sourceTree = "<group>"; };
		9CC4FEDC20A28FD900232074 /* WLAlertModal.m */ = {isa = PBXFileReference; fileEncoding = 4; lastKnownFileType = sourcecode.c.objc; path = WLAlertModal.m; sourceTree = "<group>"; };
		9CC4FEDD20A28FD900232074 /* WLPurchaseInvoiceStepModal.h */ = {isa = PBXFileReference; fileEncoding = 4; lastKnownFileType = sourcecode.c.h; path = WLPurchaseInvoiceStepModal.h; sourceTree = "<group>"; };
		9CC4FEDE20A28FD900232074 /* WLModal.m */ = {isa = PBXFileReference; fileEncoding = 4; lastKnownFileType = sourcecode.c.objc; path = WLModal.m; sourceTree = "<group>"; };
		9CC4FEDF20A28FD900232074 /* WLAlertModal.h */ = {isa = PBXFileReference; fileEncoding = 4; lastKnownFileType = sourcecode.c.h; path = WLAlertModal.h; sourceTree = "<group>"; };
		9CC4FEE020A28FD900232074 /* WLInvoiceQrModal.m */ = {isa = PBXFileReference; fileEncoding = 4; lastKnownFileType = sourcecode.c.objc; path = WLInvoiceQrModal.m; sourceTree = "<group>"; };
		9CC4FEE520A2904100232074 /* WLModal.pch */ = {isa = PBXFileReference; lastKnownFileType = sourcecode.c.h; path = WLModal.pch; sourceTree = "<group>"; };
		9CC4FEE820A2A01C00232074 /* ModalHeader.h */ = {isa = PBXFileReference; lastKnownFileType = sourcecode.c.h; path = ModalHeader.h; sourceTree = "<group>"; };
		A175B8EE5FC860A7A65425B8 /* Pods-WLModal.release.xcconfig */ = {isa = PBXFileReference; includeInIndex = 1; lastKnownFileType = text.xcconfig; name = "Pods-WLModal.release.xcconfig"; path = "Pods/Target Support Files/Pods-WLModal/Pods-WLModal.release.xcconfig"; sourceTree = "<group>"; };
		EA760BC3636E78F5D7CB0315 /* Pods_WLModal.framework */ = {isa = PBXFileReference; explicitFileType = wrapper.framework; includeInIndex = 0; path = Pods_WLModal.framework; sourceTree = BUILT_PRODUCTS_DIR; };
/* End PBXFileReference section */

/* Begin PBXFrameworksBuildPhase section */
		9CC4FEBC20A28F7A00232074 /* Frameworks */ = {
			isa = PBXFrameworksBuildPhase;
			buildActionMask = 2147483647;
			files = (
				31098127DA2ACD6D6BC25AB9 /* Pods_WLModal.framework in Frameworks */,
			);
			runOnlyForDeploymentPostprocessing = 0;
		};
/* End PBXFrameworksBuildPhase section */

/* Begin PBXGroup section */
		35187C04222A1DAE3A4C7EFA /* Pods */ = {
			isa = PBXGroup;
			children = (
				14A2C1E6DF862A19D3F08450 /* Pods-WLModal.debug.xcconfig */,
				A175B8EE5FC860A7A65425B8 /* Pods-WLModal.release.xcconfig */,
			);
			name = Pods;
			sourceTree = "<group>";
		};
		9CC4FEB620A28F7A00232074 = {
			isa = PBXGroup;
			children = (
				9CC4FEC120A28F7A00232074 /* WLModal */,
				9CC4FEC020A28F7A00232074 /* Products */,
				35187C04222A1DAE3A4C7EFA /* Pods */,
				B18984F20DE12D146D7A28B3 /* Frameworks */,
			);
			sourceTree = "<group>";
		};
		9CC4FEC020A28F7A00232074 /* Products */ = {
			isa = PBXGroup;
			children = (
				9CC4FEBF20A28F7A00232074 /* WLModal.app */,
			);
			name = Products;
			sourceTree = "<group>";
		};
		9CC4FEC120A28F7A00232074 /* WLModal */ = {
			isa = PBXGroup;
			children = (
				9CC4FED820A28FD900232074 /* View */,
				9CC4FEC220A28F7A00232074 /* AppDelegate.h */,
				9CC4FEC320A28F7A00232074 /* AppDelegate.m */,
				9CC4FEC520A28F7A00232074 /* ViewController.h */,
				9CC4FEC620A28F7A00232074 /* ViewController.m */,
				9CC4FEC820A28F7A00232074 /* Main.storyboard */,
				9CC4FECB20A28F7A00232074 /* Assets.xcassets */,
				9CC4FECD20A28F7A00232074 /* LaunchScreen.storyboard */,
				9CC4FED020A28F7A00232074 /* Info.plist */,
				9CC4FED120A28F7A00232074 /* main.m */,
				9CC4FEE520A2904100232074 /* WLModal.pch */,
			);
			path = WLModal;
			sourceTree = "<group>";
		};
		9CC4FED820A28FD900232074 /* View */ = {
			isa = PBXGroup;
			children = (
				9CC4FED920A28FD900232074 /* WLModal.h */,
				9CC4FEDE20A28FD900232074 /* WLModal.m */,
				9CC4FEDD20A28FD900232074 /* WLPurchaseInvoiceStepModal.h */,
				9CC4FEDA20A28FD900232074 /* WLPurchaseInvoiceStepModal.m */,
				9CC4FEDF20A28FD900232074 /* WLAlertModal.h */,
				9CC4FEDC20A28FD900232074 /* WLAlertModal.m */,
				9CC4FEDB20A28FD900232074 /* WLInvoiceQrModal.h */,
				9CC4FEE020A28FD900232074 /* WLInvoiceQrModal.m */,
				9CC4FEE820A2A01C00232074 /* ModalHeader.h */,
			);
			path = View;
			sourceTree = "<group>";
		};
		B18984F20DE12D146D7A28B3 /* Frameworks */ = {
			isa = PBXGroup;
			children = (
				EA760BC3636E78F5D7CB0315 /* Pods_WLModal.framework */,
			);
			name = Frameworks;
			sourceTree = "<group>";
		};
/* End PBXGroup section */

/* Begin PBXNativeTarget section */
		9CC4FEBE20A28F7A00232074 /* WLModal */ = {
			isa = PBXNativeTarget;
			buildConfigurationList = 9CC4FED520A28F7A00232074 /* Build configuration list for PBXNativeTarget "WLModal" */;
			buildPhases = (
				37A72A5928A118A6E7DB1E3E /* [CP] Check Pods Manifest.lock */,
				9CC4FEBB20A28F7A00232074 /* Sources */,
				9CC4FEBC20A28F7A00232074 /* Frameworks */,
				9CC4FEBD20A28F7A00232074 /* Resources */,
				8D1B92D9D9793997A42BA43F /* [CP] Embed Pods Frameworks */,
				F370E1DCF22D1A6EE411B504 /* [CP] Copy Pods Resources */,
			);
			buildRules = (
			);
			dependencies = (
			);
			name = WLModal;
			productName = WLModal;
			productReference = 9CC4FEBF20A28F7A00232074 /* WLModal.app */;
			productType = "com.apple.product-type.application";
		};
/* End PBXNativeTarget section */

/* Begin PBXProject section */
		9CC4FEB720A28F7A00232074 /* Project object */ = {
			isa = PBXProject;
			attributes = {
				LastUpgradeCheck = 0920;
				ORGANIZATIONNAME = quangqiang;
				TargetAttributes = {
					9CC4FEBE20A28F7A00232074 = {
						CreatedOnToolsVersion = 9.2;
						ProvisioningStyle = Automatic;
					};
				};
			};
			buildConfigurationList = 9CC4FEBA20A28F7A00232074 /* Build configuration list for PBXProject "WLModal" */;
			compatibilityVersion = "Xcode 8.0";
			developmentRegion = en;
			hasScannedForEncodings = 0;
			knownRegions = (
				en,
				Base,
			);
			mainGroup = 9CC4FEB620A28F7A00232074;
			productRefGroup = 9CC4FEC020A28F7A00232074 /* Products */;
			projectDirPath = "";
			projectRoot = "";
			targets = (
				9CC4FEBE20A28F7A00232074 /* WLModal */,
			);
		};
/* End PBXProject section */

/* Begin PBXResourcesBuildPhase section */
		9CC4FEBD20A28F7A00232074 /* Resources */ = {
			isa = PBXResourcesBuildPhase;
			buildActionMask = 2147483647;
			files = (
				9CC4FECF20A28F7A00232074 /* LaunchScreen.storyboard in Resources */,
				9CC4FECC20A28F7A00232074 /* Assets.xcassets in Resources */,
				9CC4FECA20A28F7A00232074 /* Main.storyboard in Resources */,
			);
			runOnlyForDeploymentPostprocessing = 0;
		};
/* End PBXResourcesBuildPhase section */

/* Begin PBXShellScriptBuildPhase section */
		37A72A5928A118A6E7DB1E3E /* [CP] Check Pods Manifest.lock */ = {
			isa = PBXShellScriptBuildPhase;
			buildActionMask = 2147483647;
			files = (
			);
			inputPaths = (
				"${PODS_PODFILE_DIR_PATH}/Podfile.lock",
				"${PODS_ROOT}/Manifest.lock",
			);
			name = "[CP] Check Pods Manifest.lock";
			outputPaths = (
				"$(DERIVED_FILE_DIR)/Pods-WLModal-checkManifestLockResult.txt",
			);
			runOnlyForDeploymentPostprocessing = 0;
			shellPath = /bin/sh;
			shellScript = "diff \"${PODS_PODFILE_DIR_PATH}/Podfile.lock\" \"${PODS_ROOT}/Manifest.lock\" > /dev/null\nif [ $? != 0 ] ; then\n    # print error to STDERR\n    echo \"error: The sandbox is not in sync with the Podfile.lock. Run 'pod install' or update your CocoaPods installation.\" >&2\n    exit 1\nfi\n# This output is used by Xcode 'outputs' to avoid re-running this script phase.\necho \"SUCCESS\" > \"${SCRIPT_OUTPUT_FILE_0}\"\n";
			showEnvVarsInLog = 0;
		};
		8D1B92D9D9793997A42BA43F /* [CP] Embed Pods Frameworks */ = {
			isa = PBXShellScriptBuildPhase;
			buildActionMask = 2147483647;
			files = (
			);
			inputPaths = (
				"${SRCROOT}/Pods/Target Support Files/Pods-WLModal/Pods-WLModal-frameworks.sh",
				"${BUILT_PRODUCTS_DIR}/Masonry/Masonry.framework",
				"${BUILT_PRODUCTS_DIR}/SDWebImage/SDWebImage.framework",
				"${BUILT_PRODUCTS_DIR}/WLIconFont/WLIconFont.framework",
				"${BUILT_PRODUCTS_DIR}/WLWidget/WLWidget.framework",
			);
			name = "[CP] Embed Pods Frameworks";
			outputPaths = (
				"${TARGET_BUILD_DIR}/${FRAMEWORKS_FOLDER_PATH}/Masonry.framework",
				"${TARGET_BUILD_DIR}/${FRAMEWORKS_FOLDER_PATH}/SDWebImage.framework",
				"${TARGET_BUILD_DIR}/${FRAMEWORKS_FOLDER_PATH}/WLIconFont.framework",
				"${TARGET_BUILD_DIR}/${FRAMEWORKS_FOLDER_PATH}/WLWidget.framework",
			);
			runOnlyForDeploymentPostprocessing = 0;
			shellPath = /bin/sh;
			shellScript = "\"${SRCROOT}/Pods/Target Support Files/Pods-WLModal/Pods-WLModal-frameworks.sh\"\n";
			showEnvVarsInLog = 0;
		};
		F370E1DCF22D1A6EE411B504 /* [CP] Copy Pods Resources */ = {
			isa = PBXShellScriptBuildPhase;
			buildActionMask = 2147483647;
			files = (
			);
			inputPaths = (
			);
			name = "[CP] Copy Pods Resources";
			outputPaths = (
			);
			runOnlyForDeploymentPostprocessing = 0;
			shellPath = /bin/sh;
			shellScript = "\"${SRCROOT}/Pods/Target Support Files/Pods-WLModal/Pods-WLModal-resources.sh\"\n";
			showEnvVarsInLog = 0;
		};
/* End PBXShellScriptBuildPhase section */

/* Begin PBXSourcesBuildPhase section */
		9CC4FEBB20A28F7A00232074 /* Sources */ = {
			isa = PBXSourcesBuildPhase;
			buildActionMask = 2147483647;
			files = (
				9CC4FEE320A28FD900232074 /* WLModal.m in Sources */,
				9CC4FEC720A28F7A00232074 /* ViewController.m in Sources */,
				9CC4FED220A28F7A00232074 /* main.m in Sources */,
				9CC4FEC420A28F7A00232074 /* AppDelegate.m in Sources */,
				9CC4FEE120A28FD900232074 /* WLPurchaseInvoiceStepModal.m in Sources */,
				9CC4FEE420A28FD900232074 /* WLInvoiceQrModal.m in Sources */,
				9CC4FEE220A28FD900232074 /* WLAlertModal.m in Sources */,
			);
			runOnlyForDeploymentPostprocessing = 0;
		};
/* End PBXSourcesBuildPhase section */

/* Begin PBXVariantGroup section */
		9CC4FEC820A28F7A00232074 /* Main.storyboard */ = {
			isa = PBXVariantGroup;
			children = (
				9CC4FEC920A28F7A00232074 /* Base */,
			);
			name = Main.storyboard;
			sourceTree = "<group>";
		};
		9CC4FECD20A28F7A00232074 /* LaunchScreen.storyboard */ = {
			isa = PBXVariantGroup;
			children = (
				9CC4FECE20A28F7A00232074 /* Base */,
			);
			name = LaunchScreen.storyboard;
			sourceTree = "<group>";
		};
/* End PBXVariantGroup section */

/* Begin XCBuildConfiguration section */
		9CC4FED320A28F7A00232074 /* Debug */ = {
			isa = XCBuildConfiguration;
			buildSettings = {
				ALWAYS_SEARCH_USER_PATHS = NO;
				CLANG_ANALYZER_NONNULL = YES;
				CLANG_ANALYZER_NUMBER_OBJECT_CONVERSION = YES_AGGRESSIVE;
				CLANG_CXX_LANGUAGE_STANDARD = "gnu++14";
				CLANG_CXX_LIBRARY = "libc++";
				CLANG_ENABLE_MODULES = YES;
				CLANG_ENABLE_OBJC_ARC = YES;
				CLANG_WARN_BLOCK_CAPTURE_AUTORELEASING = YES;
				CLANG_WARN_BOOL_CONVERSION = YES;
				CLANG_WARN_COMMA = YES;
				CLANG_WARN_CONSTANT_CONVERSION = YES;
				CLANG_WARN_DIRECT_OBJC_ISA_USAGE = YES_ERROR;
				CLANG_WARN_DOCUMENTATION_COMMENTS = YES;
				CLANG_WARN_EMPTY_BODY = YES;
				CLANG_WARN_ENUM_CONVERSION = YES;
				CLANG_WARN_INFINITE_RECURSION = YES;
				CLANG_WARN_INT_CONVERSION = YES;
				CLANG_WARN_NON_LITERAL_NULL_CONVERSION = YES;
				CLANG_WARN_OBJC_LITERAL_CONVERSION = YES;
				CLANG_WARN_OBJC_ROOT_CLASS = YES_ERROR;
				CLANG_WARN_RANGE_LOOP_ANALYSIS = YES;
				CLANG_WARN_STRICT_PROTOTYPES = YES;
				CLANG_WARN_SUSPICIOUS_MOVE = YES;
				CLANG_WARN_UNGUARDED_AVAILABILITY = YES_AGGRESSIVE;
				CLANG_WARN_UNREACHABLE_CODE = YES;
				CLANG_WARN__DUPLICATE_METHOD_MATCH = YES;
				CODE_SIGN_IDENTITY = "iPhone Developer";
				COPY_PHASE_STRIP = NO;
				DEBUG_INFORMATION_FORMAT = dwarf;
				ENABLE_STRICT_OBJC_MSGSEND = YES;
				ENABLE_TESTABILITY = YES;
				GCC_C_LANGUAGE_STANDARD = gnu11;
				GCC_DYNAMIC_NO_PIC = NO;
				GCC_NO_COMMON_BLOCKS = YES;
				GCC_OPTIMIZATION_LEVEL = 0;
				GCC_PREPROCESSOR_DEFINITIONS = (
					"DEBUG=1",
					"$(inherited)",
				);
				GCC_WARN_64_TO_32_BIT_CONVERSION = YES;
				GCC_WARN_ABOUT_RETURN_TYPE = YES_ERROR;
				GCC_WARN_UNDECLARED_SELECTOR = YES;
				GCC_WARN_UNINITIALIZED_AUTOS = YES_AGGRESSIVE;
				GCC_WARN_UNUSED_FUNCTION = YES;
				GCC_WARN_UNUSED_VARIABLE = YES;
				IPHONEOS_DEPLOYMENT_TARGET = 11.2;
				MTL_ENABLE_DEBUG_INFO = YES;
				ONLY_ACTIVE_ARCH = YES;
				SDKROOT = iphoneos;
			};
			name = Debug;
		};
		9CC4FED420A28F7A00232074 /* Release */ = {
			isa = XCBuildConfiguration;
			buildSettings = {
				ALWAYS_SEARCH_USER_PATHS = NO;
				CLANG_ANALYZER_NONNULL = YES;
				CLANG_ANALYZER_NUMBER_OBJECT_CONVERSION = YES_AGGRESSIVE;
				CLANG_CXX_LANGUAGE_STANDARD = "gnu++14";
				CLANG_CXX_LIBRARY = "libc++";
				CLANG_ENABLE_MODULES = YES;
				CLANG_ENABLE_OBJC_ARC = YES;
				CLANG_WARN_BLOCK_CAPTURE_AUTORELEASING = YES;
				CLANG_WARN_BOOL_CONVERSION = YES;
				CLANG_WARN_COMMA = YES;
				CLANG_WARN_CONSTANT_CONVERSION = YES;
				CLANG_WARN_DIRECT_OBJC_ISA_USAGE = YES_ERROR;
				CLANG_WARN_DOCUMENTATION_COMMENTS = YES;
				CLANG_WARN_EMPTY_BODY = YES;
				CLANG_WARN_ENUM_CONVERSION = YES;
				CLANG_WARN_INFINITE_RECURSION = YES;
				CLANG_WARN_INT_CONVERSION = YES;
				CLANG_WARN_NON_LITERAL_NULL_CONVERSION = YES;
				CLANG_WARN_OBJC_LITERAL_CONVERSION = YES;
				CLANG_WARN_OBJC_ROOT_CLASS = YES_ERROR;
				CLANG_WARN_RANGE_LOOP_ANALYSIS = YES;
				CLANG_WARN_STRICT_PROTOTYPES = YES;
				CLANG_WARN_SUSPICIOUS_MOVE = YES;
				CLANG_WARN_UNGUARDED_AVAILABILITY = YES_AGGRESSIVE;
				CLANG_WARN_UNREACHABLE_CODE = YES;
				CLANG_WARN__DUPLICATE_METHOD_MATCH = YES;
				CODE_SIGN_IDENTITY = "iPhone Developer";
				COPY_PHASE_STRIP = NO;
				DEBUG_INFORMATION_FORMAT = "dwarf-with-dsym";
				ENABLE_NS_ASSERTIONS = NO;
				ENABLE_STRICT_OBJC_MSGSEND = YES;
				GCC_C_LANGUAGE_STANDARD = gnu11;
				GCC_NO_COMMON_BLOCKS = YES;
				GCC_WARN_64_TO_32_BIT_CONVERSION = YES;
				GCC_WARN_ABOUT_RETURN_TYPE = YES_ERROR;
				GCC_WARN_UNDECLARED_SELECTOR = YES;
				GCC_WARN_UNINITIALIZED_AUTOS = YES_AGGRESSIVE;
				GCC_WARN_UNUSED_FUNCTION = YES;
				GCC_WARN_UNUSED_VARIABLE = YES;
				IPHONEOS_DEPLOYMENT_TARGET = 11.2;
				MTL_ENABLE_DEBUG_INFO = NO;
				SDKROOT = iphoneos;
				VALIDATE_PRODUCT = YES;
			};
			name = Release;
		};
		9CC4FED620A28F7A00232074 /* Debug */ = {
			isa = XCBuildConfiguration;
			baseConfigurationReference = 14A2C1E6DF862A19D3F08450 /* Pods-WLModal.debug.xcconfig */;
			buildSettings = {
				ASSETCATALOG_COMPILER_APPICON_NAME = AppIcon;
				CODE_SIGN_STYLE = Automatic;
				GCC_PREFIX_HEADER = "$(SRCROOT)/WLModal/WLModal.pch";
				INFOPLIST_FILE = WLModal/Info.plist;
				IPHONEOS_DEPLOYMENT_TARGET = 8.0;
				LD_RUNPATH_SEARCH_PATHS = "$(inherited) @executable_path/Frameworks";
				PRODUCT_BUNDLE_IDENTIFIER = quangqiang.WLModal;
				PRODUCT_NAME = "$(TARGET_NAME)";
				TARGETED_DEVICE_FAMILY = "1,2";
			};
			name = Debug;
		};
		9CC4FED720A28F7A00232074 /* Release */ = {
			isa = XCBuildConfiguration;
			baseConfigurationReference = A175B8EE5FC860A7A65425B8 /* Pods-WLModal.release.xcconfig */;
			buildSettings = {
				ASSETCATALOG_COMPILER_APPICON_NAME = AppIcon;
				CODE_SIGN_STYLE = Automatic;
				GCC_PREFIX_HEADER = "$(SRCROOT)/WLModal/WLModal.pch";
				INFOPLIST_FILE = WLModal/Info.plist;
				IPHONEOS_DEPLOYMENT_TARGET = 8.0;
				LD_RUNPATH_SEARCH_PATHS = "$(inherited) @executable_path/Frameworks";
				PRODUCT_BUNDLE_IDENTIFIER = quangqiang.WLModal;
				PRODUCT_NAME = "$(TARGET_NAME)";
				TARGETED_DEVICE_FAMILY = "1,2";
			};
			name = Release;
		};
/* End XCBuildConfiguration section */

/* Begin XCConfigurationList section */
		9CC4FEBA20A28F7A00232074 /* Build configuration list for PBXProject "WLModal" */ = {
			isa = XCConfigurationList;
			buildConfigurations = (
				9CC4FED320A28F7A00232074 /* Debug */,
				9CC4FED420A28F7A00232074 /* Release */,
			);
			defaultConfigurationIsVisible = 0;
			defaultConfigurationName = Release;
		};
		9CC4FED520A28F7A00232074 /* Build configuration list for PBXNativeTarget "WLModal" */ = {
			isa = XCConfigurationList;
			buildConfigurations = (
				9CC4FED620A28F7A00232074 /* Debug */,
				9CC4FED720A28F7A00232074 /* Release */,
			);
			defaultConfigurationIsVisible = 0;
			defaultConfigurationName = Release;
		};
/* End XCConfigurationList section */
	};
	rootObject = 9CC4FEB720A28F7A00232074 /* Project object */;
}
